{
  "nodes": {
    "nixCats": {
      "locked": {
        "lastModified": 1745111484,
        "narHash": "sha256-p7R6KSgylO2DME+fELPRQ6TZnsKg9jOWWNpN0xZVyYM=",
        "owner": "BirdeeHub",
        "repo": "nixCats-nvim",
        "rev": "35da282c2f9bb76790700897ec9658848cff8aeb",
        "type": "github"
      },
      "original": {
        "owner": "BirdeeHub",
        "repo": "nixCats-nvim",
        "type": "github"
      }
    },
    "nixpkgs": {
      "locked": {
        "lastModified": 1744868846,
        "narHash": "sha256-5RJTdUHDmj12Qsv7XOhuospjAjATNiTMElplWnJE9Hs=",
        "owner": "nixos",
        "repo": "nixpkgs",
        "rev": "ebe4301cbd8f81c4f8d3244b3632338bbeb6d49c",
        "type": "github"
      },
      "original": {
        "owner": "nixos",
        "ref": "nixpkgs-unstable",
        "repo": "nixpkgs",
        "type": "github"
      }
    },
    "root": {
      "inputs": {
        "nixCats": "nixCats",
        "nixpkgs": "nixpkgs"
      }
    }
  },
  "root": "root",
  "version": 7
}
